{
  "name": "Vauto",
  "lockfileVersion": 3,
  "requires": true,
  "packages": {
    "": {
      "dependencies": {
        "@perplexity-ai/perplexity_ai": "^0.18.4"
      }
    },
    "node_modules/@perplexity-ai/perplexity_ai": {
      "version": "0.18.4",
      "resolved": "https://registry.npmjs.org/@perplexity-ai/perplexity_ai/-/perplexity_ai-0.18.4.tgz",
      "integrity": "sha512-K12CbOIGkIRdxd0VwRdZhTBUuaKMmE9PEeNMGlvhsFyMCq/DNTaV+k/jlnOdvlbuoy0FoWOTapy4HLMe0yTh5w==",
      "license": "Apache-2.0"
    }
  }
}
